{
  "object": {
    "pins": [
      {
        "package": "CoreGPX",
        "repositoryURL": "https://github.com/vincentneo/CoreGPX",
        "state": {
          "branch": null,
          "revision": "bc61acc0b64f8f09a51811ac0664885af30d0a41",
          "version": "0.9.0"
        }
      },
      {
        "package": "FitFileParser",
        "repositoryURL": "https://github.com/roznet/FitFileParser",
        "state": {
          "branch": null,
          "revision": "f880f4f5a9ed1dbf347964847c0e9c6eb3f60518",
          "version": "1.4.3"
        }
      },
      {
        "package": "GRDB",
        "repositoryURL": "https://github.com/groue/GRDB.swift",
        "state": {
          "branch": null,
          "revision": "af13c91744ad8607c94ffbca3b0f98fa00692417",
          "version": "5.8.0"
        }
      },
      {
        "package": "SwiftCSV",
        "repositoryURL": "https://github.com/swiftcsv/SwiftCSV",
        "state": {
          "branch": null,
          "revision": "ad2042d0ba2ea260246b0e1b1d5710cbc53e2836",
          "version": "0.6.0"
        }
      }
    ]
  },
  "version": 1
}
