// !$*UTF8*$!
{
	archiveVersion = 1;
	classes = {
	};
	objectVersion = 52;
	objects = {

/* Begin PBXBuildFile section */
		4E59DEF4268672AA00A712F0 /* ActivityListItemView.swift in Sources */ = {isa = PBXBuildFile; fileRef = 4E59DEF3268672AA00A712F0 /* ActivityListItemView.swift */; };
		4E59DEF72686736300A712F0 /* Activity.swift in Sources */ = {isa = PBXBuildFile; fileRef = 4E59DEF62686736300A712F0 /* Activity.swift */; };
		4E59DEF9268673D100A712F0 /* Activity+Debug.swift in Sources */ = {isa = PBXBuildFile; fileRef = 4E59DEF8268673D100A712F0 /* Activity+Debug.swift */; };
		4E59DEFB2686766D00A712F0 /* SidebarViewModel.swift in Sources */ = {isa = PBXBuildFile; fileRef = 4E59DEFA2686766D00A712F0 /* SidebarViewModel.swift */; };
		4E59DEFE2686802F00A712F0 /* ActivityDetailMap.swift in Sources */ = {isa = PBXBuildFile; fileRef = 4E59DEFD2686802F00A712F0 /* ActivityDetailMap.swift */; };
		4E59DF00268681E000A712F0 /* Database.swift in Sources */ = {isa = PBXBuildFile; fileRef = 4E59DEFF268681E000A712F0 /* Database.swift */; };
		4E6ED2362682A43400C1180D /* ActivityTrackerApp.swift in Sources */ = {isa = PBXBuildFile; fileRef = 4E6ED2352682A43400C1180D /* ActivityTrackerApp.swift */; };
		4E6ED2382682A43400C1180D /* MainView.swift in Sources */ = {isa = PBXBuildFile; fileRef = 4E6ED2372682A43400C1180D /* MainView.swift */; };
		4E6ED23A2682A43400C1180D /* Assets.xcassets in Resources */ = {isa = PBXBuildFile; fileRef = 4E6ED2392682A43400C1180D /* Assets.xcassets */; };
		4E6ED23D2682A43400C1180D /* Preview Assets.xcassets in Resources */ = {isa = PBXBuildFile; fileRef = 4E6ED23C2682A43400C1180D /* Preview Assets.xcassets */; };
		4E6ED2472682AC0600C1180D /* SidebarView.swift in Sources */ = {isa = PBXBuildFile; fileRef = 4E6ED2462682AC0600C1180D /* SidebarView.swift */; };
		4E6ED2492682AC4400C1180D /* ActivityListView.swift in Sources */ = {isa = PBXBuildFile; fileRef = 4E6ED2482682AC4400C1180D /* ActivityListView.swift */; };
		4E6ED24B2682AC6F00C1180D /* ActivityDetailView.swift in Sources */ = {isa = PBXBuildFile; fileRef = 4E6ED24A2682AC6F00C1180D /* ActivityDetailView.swift */; };
		4E9CE5B72688D527002F6446 /* CoreGPX in Frameworks */ = {isa = PBXBuildFile; productRef = 4E9CE5B62688D527002F6446 /* CoreGPX */; };
		4E9CE5BA2688D546002F6446 /* FitFileParser in Frameworks */ = {isa = PBXBuildFile; productRef = 4E9CE5B92688D546002F6446 /* FitFileParser */; };
		4EA1D6052688E38E004F7B83 /* GpxReader.swift in Sources */ = {isa = PBXBuildFile; fileRef = 4EA1D6042688E38E004F7B83 /* GpxReader.swift */; };
		4EA1D6072688EEC2004F7B83 /* Distance.swift in Sources */ = {isa = PBXBuildFile; fileRef = 4EA1D6062688EEC2004F7B83 /* Distance.swift */; };
		4EA1D6182688F577004F7B83 /* DistanceTests.swift in Sources */ = {isa = PBXBuildFile; fileRef = 4EA1D6172688F577004F7B83 /* DistanceTests.swift */; };
/* End PBXBuildFile section */

/* Begin PBXContainerItemProxy section */
		4EA1D6112688F55C004F7B83 /* PBXContainerItemProxy */ = {
			isa = PBXContainerItemProxy;
			containerPortal = 4E6ED22A2682A43400C1180D /* Project object */;
			proxyType = 1;
			remoteGlobalIDString = 4E6ED2312682A43400C1180D;
			remoteInfo = ActivityTracker;
		};
/* End PBXContainerItemProxy section */

/* Begin PBXFileReference section */
		4E59DEF3268672AA00A712F0 /* ActivityListItemView.swift */ = {isa = PBXFileReference; lastKnownFileType = sourcecode.swift; path = ActivityListItemView.swift; sourceTree = "<group>"; };
		4E59DEF62686736300A712F0 /* Activity.swift */ = {isa = PBXFileReference; lastKnownFileType = sourcecode.swift; path = Activity.swift; sourceTree = "<group>"; };
		4E59DEF8268673D100A712F0 /* Activity+Debug.swift */ = {isa = PBXFileReference; lastKnownFileType = sourcecode.swift; path = "Activity+Debug.swift"; sourceTree = "<group>"; };
		4E59DEFA2686766D00A712F0 /* SidebarViewModel.swift */ = {isa = PBXFileReference; lastKnownFileType = sourcecode.swift; path = SidebarViewModel.swift; sourceTree = "<group>"; };
		4E59DEFD2686802F00A712F0 /* ActivityDetailMap.swift */ = {isa = PBXFileReference; lastKnownFileType = sourcecode.swift; path = ActivityDetailMap.swift; sourceTree = "<group>"; };
		4E59DEFF268681E000A712F0 /* Database.swift */ = {isa = PBXFileReference; lastKnownFileType = sourcecode.swift; path = Database.swift; sourceTree = "<group>"; };
		4E6ED2322682A43400C1180D /* ActivityTracker.app */ = {isa = PBXFileReference; explicitFileType = wrapper.application; includeInIndex = 0; path = ActivityTracker.app; sourceTree = BUILT_PRODUCTS_DIR; };
		4E6ED2352682A43400C1180D /* ActivityTrackerApp.swift */ = {isa = PBXFileReference; lastKnownFileType = sourcecode.swift; path = ActivityTrackerApp.swift; sourceTree = "<group>"; };
		4E6ED2372682A43400C1180D /* MainView.swift */ = {isa = PBXFileReference; lastKnownFileType = sourcecode.swift; path = MainView.swift; sourceTree = "<group>"; };
		4E6ED2392682A43400C1180D /* Assets.xcassets */ = {isa = PBXFileReference; lastKnownFileType = folder.assetcatalog; path = Assets.xcassets; sourceTree = "<group>"; };
		4E6ED23C2682A43400C1180D /* Preview Assets.xcassets */ = {isa = PBXFileReference; lastKnownFileType = folder.assetcatalog; path = "Preview Assets.xcassets"; sourceTree = "<group>"; };
		4E6ED23E2682A43400C1180D /* Info.plist */ = {isa = PBXFileReference; lastKnownFileType = text.plist.xml; path = Info.plist; sourceTree = "<group>"; };
		4E6ED23F2682A43400C1180D /* ActivityTracker.entitlements */ = {isa = PBXFileReference; lastKnownFileType = text.plist.entitlements; path = ActivityTracker.entitlements; sourceTree = "<group>"; };
		4E6ED2462682AC0600C1180D /* SidebarView.swift */ = {isa = PBXFileReference; lastKnownFileType = sourcecode.swift; path = SidebarView.swift; sourceTree = "<group>"; };
		4E6ED2482682AC4400C1180D /* ActivityListView.swift */ = {isa = PBXFileReference; lastKnownFileType = sourcecode.swift; path = ActivityListView.swift; sourceTree = "<group>"; };
		4E6ED24A2682AC6F00C1180D /* ActivityDetailView.swift */ = {isa = PBXFileReference; lastKnownFileType = sourcecode.swift; path = ActivityDetailView.swift; sourceTree = "<group>"; };
		4EA1D6042688E38E004F7B83 /* GpxReader.swift */ = {isa = PBXFileReference; lastKnownFileType = sourcecode.swift; path = GpxReader.swift; sourceTree = "<group>"; };
		4EA1D6062688EEC2004F7B83 /* Distance.swift */ = {isa = PBXFileReference; lastKnownFileType = sourcecode.swift; path = Distance.swift; sourceTree = "<group>"; };
		4EA1D60C2688F55C004F7B83 /* ActivityTrackerTests.xctest */ = {isa = PBXFileReference; explicitFileType = wrapper.cfbundle; includeInIndex = 0; path = ActivityTrackerTests.xctest; sourceTree = BUILT_PRODUCTS_DIR; };
		4EA1D6102688F55C004F7B83 /* Info.plist */ = {isa = PBXFileReference; lastKnownFileType = text.plist.xml; path = Info.plist; sourceTree = "<group>"; };
		4EA1D6172688F577004F7B83 /* DistanceTests.swift */ = {isa = PBXFileReference; fileEncoding = 4; lastKnownFileType = sourcecode.swift; path = DistanceTests.swift; sourceTree = "<group>"; };
/* End PBXFileReference section */

/* Begin PBXFrameworksBuildPhase section */
		4E6ED22F2682A43400C1180D /* Frameworks */ = {
			isa = PBXFrameworksBuildPhase;
			buildActionMask = 2147483647;
			files = (
				4E9CE5B72688D527002F6446 /* CoreGPX in Frameworks */,
				4E9CE5BA2688D546002F6446 /* FitFileParser in Frameworks */,
			);
			runOnlyForDeploymentPostprocessing = 0;
		};
		4EA1D6092688F55C004F7B83 /* Frameworks */ = {
			isa = PBXFrameworksBuildPhase;
			buildActionMask = 2147483647;
			files = (
			);
			runOnlyForDeploymentPostprocessing = 0;
		};
/* End PBXFrameworksBuildPhase section */

/* Begin PBXGroup section */
		4E59DEF02686727B00A712F0 /* ActivityList */ = {
			isa = PBXGroup;
			children = (
				4E6ED2482682AC4400C1180D /* ActivityListView.swift */,
				4E59DEF3268672AA00A712F0 /* ActivityListItemView.swift */,
			);
			path = ActivityList;
			sourceTree = "<group>";
		};
		4E59DEF12686728400A712F0 /* Sidebar */ = {
			isa = PBXGroup;
			children = (
				4E6ED2462682AC0600C1180D /* SidebarView.swift */,
				4E59DEFA2686766D00A712F0 /* SidebarViewModel.swift */,
			);
			path = Sidebar;
			sourceTree = "<group>";
		};
		4E59DEF22686728F00A712F0 /* ActivityDetail */ = {
			isa = PBXGroup;
			children = (
				4E59DEFC26867FC300A712F0 /* Map */,
				4E6ED24A2682AC6F00C1180D /* ActivityDetailView.swift */,
			);
			path = ActivityDetail;
			sourceTree = "<group>";
		};
		4E59DEF52686735800A712F0 /* Model */ = {
			isa = PBXGroup;
			children = (
				4E59DEF62686736300A712F0 /* Activity.swift */,
				4E59DEF8268673D100A712F0 /* Activity+Debug.swift */,
				4E59DEFF268681E000A712F0 /* Database.swift */,
				4EA1D6042688E38E004F7B83 /* GpxReader.swift */,
				4EA1D6062688EEC2004F7B83 /* Distance.swift */,
			);
			path = Model;
			sourceTree = "<group>";
		};
		4E59DEFC26867FC300A712F0 /* Map */ = {
			isa = PBXGroup;
			children = (
				4E59DEFD2686802F00A712F0 /* ActivityDetailMap.swift */,
			);
			path = Map;
			sourceTree = "<group>";
		};
		4E6ED2292682A43400C1180D = {
			isa = PBXGroup;
			children = (
				4E6ED2342682A43400C1180D /* ActivityTracker */,
				4EA1D60D2688F55C004F7B83 /* ActivityTrackerTests */,
				4E6ED2332682A43400C1180D /* Products */,
			);
			sourceTree = "<group>";
		};
		4E6ED2332682A43400C1180D /* Products */ = {
			isa = PBXGroup;
			children = (
				4E6ED2322682A43400C1180D /* ActivityTracker.app */,
				4EA1D60C2688F55C004F7B83 /* ActivityTrackerTests.xctest */,
			);
			name = Products;
			sourceTree = "<group>";
		};
		4E6ED2342682A43400C1180D /* ActivityTracker */ = {
			isa = PBXGroup;
			children = (
				4E59DEF52686735800A712F0 /* Model */,
				4E6ED2452682ABF500C1180D /* Views */,
				4E6ED2352682A43400C1180D /* ActivityTrackerApp.swift */,
				4E6ED2372682A43400C1180D /* MainView.swift */,
				4E6ED2392682A43400C1180D /* Assets.xcassets */,
				4E6ED23E2682A43400C1180D /* Info.plist */,
				4E6ED23F2682A43400C1180D /* ActivityTracker.entitlements */,
				4E6ED23B2682A43400C1180D /* Preview Content */,
			);
			path = ActivityTracker;
			sourceTree = "<group>";
		};
		4E6ED23B2682A43400C1180D /* Preview Content */ = {
			isa = PBXGroup;
			children = (
				4E6ED23C2682A43400C1180D /* Preview Assets.xcassets */,
			);
			path = "Preview Content";
			sourceTree = "<group>";
		};
		4E6ED2452682ABF500C1180D /* Views */ = {
			isa = PBXGroup;
			children = (
				4E59DEF12686728400A712F0 /* Sidebar */,
				4E59DEF22686728F00A712F0 /* ActivityDetail */,
				4E59DEF02686727B00A712F0 /* ActivityList */,
			);
			path = Views;
			sourceTree = "<group>";
		};
		4EA1D60D2688F55C004F7B83 /* ActivityTrackerTests */ = {
			isa = PBXGroup;
			children = (
				4EA1D6162688F56A004F7B83 /* Model */,
				4EA1D6102688F55C004F7B83 /* Info.plist */,
			);
			path = ActivityTrackerTests;
			sourceTree = "<group>";
		};
		4EA1D6162688F56A004F7B83 /* Model */ = {
			isa = PBXGroup;
			children = (
				4EA1D6172688F577004F7B83 /* DistanceTests.swift */,
			);
			path = Model;
			sourceTree = "<group>";
		};
/* End PBXGroup section */

/* Begin PBXNativeTarget section */
		4E6ED2312682A43400C1180D /* ActivityTracker */ = {
			isa = PBXNativeTarget;
			buildConfigurationList = 4E6ED2422682A43400C1180D /* Build configuration list for PBXNativeTarget "ActivityTracker" */;
			buildPhases = (
				4E6ED22E2682A43400C1180D /* Sources */,
				4E6ED22F2682A43400C1180D /* Frameworks */,
				4E6ED2302682A43400C1180D /* Resources */,
			);
			buildRules = (
			);
			dependencies = (
			);
			name = ActivityTracker;
			packageProductDependencies = (
				4E9CE5B62688D527002F6446 /* CoreGPX */,
				4E9CE5B92688D546002F6446 /* FitFileParser */,
			);
			productName = ActivityTracker;
			productReference = 4E6ED2322682A43400C1180D /* ActivityTracker.app */;
			productType = "com.apple.product-type.application";
		};
		4EA1D60B2688F55C004F7B83 /* ActivityTrackerTests */ = {
			isa = PBXNativeTarget;
			buildConfigurationList = 4EA1D6132688F55C004F7B83 /* Build configuration list for PBXNativeTarget "ActivityTrackerTests" */;
			buildPhases = (
				4EA1D6082688F55C004F7B83 /* Sources */,
				4EA1D6092688F55C004F7B83 /* Frameworks */,
				4EA1D60A2688F55C004F7B83 /* Resources */,
			);
			buildRules = (
			);
			dependencies = (
				4EA1D6122688F55C004F7B83 /* PBXTargetDependency */,
			);
			name = ActivityTrackerTests;
			productName = ActivityTrackerTests;
			productReference = 4EA1D60C2688F55C004F7B83 /* ActivityTrackerTests.xctest */;
			productType = "com.apple.product-type.bundle.unit-test";
		};
/* End PBXNativeTarget section */

/* Begin PBXProject section */
		4E6ED22A2682A43400C1180D /* Project object */ = {
			isa = PBXProject;
			attributes = {
				LastSwiftUpdateCheck = 1250;
				LastUpgradeCheck = 1250;
				TargetAttributes = {
					4E6ED2312682A43400C1180D = {
						CreatedOnToolsVersion = 12.5;
					};
					4EA1D60B2688F55C004F7B83 = {
						CreatedOnToolsVersion = 12.5.1;
						LastSwiftMigration = 1250;
						TestTargetID = 4E6ED2312682A43400C1180D;
					};
				};
			};
			buildConfigurationList = 4E6ED22D2682A43400C1180D /* Build configuration list for PBXProject "ActivityTracker" */;
			compatibilityVersion = "Xcode 9.3";
			developmentRegion = en;
			hasScannedForEncodings = 0;
			knownRegions = (
				en,
				Base,
			);
			mainGroup = 4E6ED2292682A43400C1180D;
			packageReferences = (
				4E9CE5B52688D527002F6446 /* XCRemoteSwiftPackageReference "CoreGPX" */,
				4E9CE5B82688D546002F6446 /* XCRemoteSwiftPackageReference "FitFileParser" */,
			);
			productRefGroup = 4E6ED2332682A43400C1180D /* Products */;
			projectDirPath = "";
			projectRoot = "";
			targets = (
				4E6ED2312682A43400C1180D /* ActivityTracker */,
				4EA1D60B2688F55C004F7B83 /* ActivityTrackerTests */,
			);
		};
/* End PBXProject section */

/* Begin PBXResourcesBuildPhase section */
		4E6ED2302682A43400C1180D /* Resources */ = {
			isa = PBXResourcesBuildPhase;
			buildActionMask = 2147483647;
			files = (
				4E6ED23D2682A43400C1180D /* Preview Assets.xcassets in Resources */,
				4E6ED23A2682A43400C1180D /* Assets.xcassets in Resources */,
			);
			runOnlyForDeploymentPostprocessing = 0;
		};
		4EA1D60A2688F55C004F7B83 /* Resources */ = {
			isa = PBXResourcesBuildPhase;
			buildActionMask = 2147483647;
			files = (
			);
			runOnlyForDeploymentPostprocessing = 0;
		};
/* End PBXResourcesBuildPhase section */

/* Begin PBXSourcesBuildPhase section */
		4E6ED22E2682A43400C1180D /* Sources */ = {
			isa = PBXSourcesBuildPhase;
			buildActionMask = 2147483647;
			files = (
				4E6ED2382682A43400C1180D /* MainView.swift in Sources */,
				4E59DF00268681E000A712F0 /* Database.swift in Sources */,
				4E6ED2492682AC4400C1180D /* ActivityListView.swift in Sources */,
				4E59DEF72686736300A712F0 /* Activity.swift in Sources */,
				4EA1D6072688EEC2004F7B83 /* Distance.swift in Sources */,
				4E59DEF4268672AA00A712F0 /* ActivityListItemView.swift in Sources */,
				4E59DEFE2686802F00A712F0 /* ActivityDetailMap.swift in Sources */,
				4E6ED2362682A43400C1180D /* ActivityTrackerApp.swift in Sources */,
				4E6ED24B2682AC6F00C1180D /* ActivityDetailView.swift in Sources */,
				4EA1D6052688E38E004F7B83 /* GpxReader.swift in Sources */,
				4E59DEFB2686766D00A712F0 /* SidebarViewModel.swift in Sources */,
				4E59DEF9268673D100A712F0 /* Activity+Debug.swift in Sources */,
				4E6ED2472682AC0600C1180D /* SidebarView.swift in Sources */,
			);
			runOnlyForDeploymentPostprocessing = 0;
		};
		4EA1D6082688F55C004F7B83 /* Sources */ = {
			isa = PBXSourcesBuildPhase;
			buildActionMask = 2147483647;
			files = (
				4EA1D6182688F577004F7B83 /* DistanceTests.swift in Sources */,
			);
			runOnlyForDeploymentPostprocessing = 0;
		};
/* End PBXSourcesBuildPhase section */

/* Begin PBXTargetDependency section */
		4EA1D6122688F55C004F7B83 /* PBXTargetDependency */ = {
			isa = PBXTargetDependency;
			target = 4E6ED2312682A43400C1180D /* ActivityTracker */;
			targetProxy = 4EA1D6112688F55C004F7B83 /* PBXContainerItemProxy */;
		};
/* End PBXTargetDependency section */

/* Begin XCBuildConfiguration section */
		4E6ED2402682A43400C1180D /* Debug */ = {
			isa = XCBuildConfiguration;
			buildSettings = {
				ALWAYS_SEARCH_USER_PATHS = NO;
				CLANG_ANALYZER_NONNULL = YES;
				CLANG_ANALYZER_NUMBER_OBJECT_CONVERSION = YES_AGGRESSIVE;
				CLANG_CXX_LANGUAGE_STANDARD = "gnu++14";
				CLANG_CXX_LIBRARY = "libc++";
				CLANG_ENABLE_MODULES = YES;
				CLANG_ENABLE_OBJC_ARC = YES;
				CLANG_ENABLE_OBJC_WEAK = YES;
				CLANG_WARN_BLOCK_CAPTURE_AUTORELEASING = YES;
				CLANG_WARN_BOOL_CONVERSION = YES;
				CLANG_WARN_COMMA = YES;
				CLANG_WARN_CONSTANT_CONVERSION = YES;
				CLANG_WARN_DEPRECATED_OBJC_IMPLEMENTATIONS = YES;
				CLANG_WARN_DIRECT_OBJC_ISA_USAGE = YES_ERROR;
				CLANG_WARN_DOCUMENTATION_COMMENTS = YES;
				CLANG_WARN_EMPTY_BODY = YES;
				CLANG_WARN_ENUM_CONVERSION = YES;
				CLANG_WARN_INFINITE_RECURSION = YES;
				CLANG_WARN_INT_CONVERSION = YES;
				CLANG_WARN_NON_LITERAL_NULL_CONVERSION = YES;
				CLANG_WARN_OBJC_IMPLICIT_RETAIN_SELF = YES;
				CLANG_WARN_OBJC_LITERAL_CONVERSION = YES;
				CLANG_WARN_OBJC_ROOT_CLASS = YES_ERROR;
				CLANG_WARN_QUOTED_INCLUDE_IN_FRAMEWORK_HEADER = YES;
				CLANG_WARN_RANGE_LOOP_ANALYSIS = YES;
				CLANG_WARN_STRICT_PROTOTYPES = YES;
				CLANG_WARN_SUSPICIOUS_MOVE = YES;
				CLANG_WARN_UNGUARDED_AVAILABILITY = YES_AGGRESSIVE;
				CLANG_WARN_UNREACHABLE_CODE = YES;
				CLANG_WARN__DUPLICATE_METHOD_MATCH = YES;
				COPY_PHASE_STRIP = NO;
				DEBUG_INFORMATION_FORMAT = dwarf;
				ENABLE_STRICT_OBJC_MSGSEND = YES;
				ENABLE_TESTABILITY = YES;
				GCC_C_LANGUAGE_STANDARD = gnu11;
				GCC_DYNAMIC_NO_PIC = NO;
				GCC_NO_COMMON_BLOCKS = YES;
				GCC_OPTIMIZATION_LEVEL = 0;
				GCC_PREPROCESSOR_DEFINITIONS = (
					"DEBUG=1",
					"$(inherited)",
				);
				GCC_WARN_64_TO_32_BIT_CONVERSION = YES;
				GCC_WARN_ABOUT_RETURN_TYPE = YES_ERROR;
				GCC_WARN_UNDECLARED_SELECTOR = YES;
				GCC_WARN_UNINITIALIZED_AUTOS = YES_AGGRESSIVE;
				GCC_WARN_UNUSED_FUNCTION = YES;
				GCC_WARN_UNUSED_VARIABLE = YES;
				MACOSX_DEPLOYMENT_TARGET = 11.3;
				MTL_ENABLE_DEBUG_INFO = INCLUDE_SOURCE;
				MTL_FAST_MATH = YES;
				ONLY_ACTIVE_ARCH = YES;
				SDKROOT = macosx;
				SWIFT_ACTIVE_COMPILATION_CONDITIONS = DEBUG;
				SWIFT_OPTIMIZATION_LEVEL = "-Onone";
			};
			name = Debug;
		};
		4E6ED2412682A43400C1180D /* Release */ = {
			isa = XCBuildConfiguration;
			buildSettings = {
				ALWAYS_SEARCH_USER_PATHS = NO;
				CLANG_ANALYZER_NONNULL = YES;
				CLANG_ANALYZER_NUMBER_OBJECT_CONVERSION = YES_AGGRESSIVE;
				CLANG_CXX_LANGUAGE_STANDARD = "gnu++14";
				CLANG_CXX_LIBRARY = "libc++";
				CLANG_ENABLE_MODULES = YES;
				CLANG_ENABLE_OBJC_ARC = YES;
				CLANG_ENABLE_OBJC_WEAK = YES;
				CLANG_WARN_BLOCK_CAPTURE_AUTORELEASING = YES;
				CLANG_WARN_BOOL_CONVERSION = YES;
				CLANG_WARN_COMMA = YES;
				CLANG_WARN_CONSTANT_CONVERSION = YES;
				CLANG_WARN_DEPRECATED_OBJC_IMPLEMENTATIONS = YES;
				CLANG_WARN_DIRECT_OBJC_ISA_USAGE = YES_ERROR;
				CLANG_WARN_DOCUMENTATION_COMMENTS = YES;
				CLANG_WARN_EMPTY_BODY = YES;
				CLANG_WARN_ENUM_CONVERSION = YES;
				CLANG_WARN_INFINITE_RECURSION = YES;
				CLANG_WARN_INT_CONVERSION = YES;
				CLANG_WARN_NON_LITERAL_NULL_CONVERSION = YES;
				CLANG_WARN_OBJC_IMPLICIT_RETAIN_SELF = YES;
				CLANG_WARN_OBJC_LITERAL_CONVERSION = YES;
				CLANG_WARN_OBJC_ROOT_CLASS = YES_ERROR;
				CLANG_WARN_QUOTED_INCLUDE_IN_FRAMEWORK_HEADER = YES;
				CLANG_WARN_RANGE_LOOP_ANALYSIS = YES;
				CLANG_WARN_STRICT_PROTOTYPES = YES;
				CLANG_WARN_SUSPICIOUS_MOVE = YES;
				CLANG_WARN_UNGUARDED_AVAILABILITY = YES_AGGRESSIVE;
				CLANG_WARN_UNREACHABLE_CODE = YES;
				CLANG_WARN__DUPLICATE_METHOD_MATCH = YES;
				COPY_PHASE_STRIP = NO;
				DEBUG_INFORMATION_FORMAT = "dwarf-with-dsym";
				ENABLE_NS_ASSERTIONS = NO;
				ENABLE_STRICT_OBJC_MSGSEND = YES;
				GCC_C_LANGUAGE_STANDARD = gnu11;
				GCC_NO_COMMON_BLOCKS = YES;
				GCC_WARN_64_TO_32_BIT_CONVERSION = YES;
				GCC_WARN_ABOUT_RETURN_TYPE = YES_ERROR;
				GCC_WARN_UNDECLARED_SELECTOR = YES;
				GCC_WARN_UNINITIALIZED_AUTOS = YES_AGGRESSIVE;
				GCC_WARN_UNUSED_FUNCTION = YES;
				GCC_WARN_UNUSED_VARIABLE = YES;
				MACOSX_DEPLOYMENT_TARGET = 11.3;
				MTL_ENABLE_DEBUG_INFO = NO;
				MTL_FAST_MATH = YES;
				SDKROOT = macosx;
				SWIFT_COMPILATION_MODE = wholemodule;
				SWIFT_OPTIMIZATION_LEVEL = "-O";
			};
			name = Release;
		};
		4E6ED2432682A43400C1180D /* Debug */ = {
			isa = XCBuildConfiguration;
			buildSettings = {
				ASSETCATALOG_COMPILER_APPICON_NAME = AppIcon;
				ASSETCATALOG_COMPILER_GLOBAL_ACCENT_COLOR_NAME = AccentColor;
				CODE_SIGN_ENTITLEMENTS = ActivityTracker/ActivityTracker.entitlements;
				CODE_SIGN_STYLE = Automatic;
				COMBINE_HIDPI_IMAGES = YES;
				DEVELOPMENT_ASSET_PATHS = "\"ActivityTracker/Preview Content\"";
				DEVELOPMENT_TEAM = T59AZ797LW;
				ENABLE_HARDENED_RUNTIME = YES;
				ENABLE_PREVIEWS = YES;
				INFOPLIST_FILE = ActivityTracker/Info.plist;
				LD_RUNPATH_SEARCH_PATHS = (
					"$(inherited)",
					"@executable_path/../Frameworks",
				);
				MACOSX_DEPLOYMENT_TARGET = 11.0;
				PRODUCT_BUNDLE_IDENTIFIER = xyz.preludeandfugue.ActivityTracker;
				PRODUCT_NAME = "$(TARGET_NAME)";
				SWIFT_VERSION = 5.0;
			};
			name = Debug;
		};
		4E6ED2442682A43400C1180D /* Release */ = {
			isa = XCBuildConfiguration;
			buildSettings = {
				ASSETCATALOG_COMPILER_APPICON_NAME = AppIcon;
				ASSETCATALOG_COMPILER_GLOBAL_ACCENT_COLOR_NAME = AccentColor;
				CODE_SIGN_ENTITLEMENTS = ActivityTracker/ActivityTracker.entitlements;
				CODE_SIGN_STYLE = Automatic;
				COMBINE_HIDPI_IMAGES = YES;
				DEVELOPMENT_ASSET_PATHS = "\"ActivityTracker/Preview Content\"";
				DEVELOPMENT_TEAM = T59AZ797LW;
				ENABLE_HARDENED_RUNTIME = YES;
				ENABLE_PREVIEWS = YES;
				INFOPLIST_FILE = ActivityTracker/Info.plist;
				LD_RUNPATH_SEARCH_PATHS = (
					"$(inherited)",
					"@executable_path/../Frameworks",
				);
				MACOSX_DEPLOYMENT_TARGET = 11.0;
				PRODUCT_BUNDLE_IDENTIFIER = xyz.preludeandfugue.ActivityTracker;
				PRODUCT_NAME = "$(TARGET_NAME)";
				SWIFT_VERSION = 5.0;
			};
			name = Release;
		};
		4EA1D6142688F55C004F7B83 /* Debug */ = {
			isa = XCBuildConfiguration;
			buildSettings = {
				BUNDLE_LOADER = "$(TEST_HOST)";
				CLANG_ENABLE_MODULES = YES;
				CODE_SIGN_STYLE = Automatic;
				COMBINE_HIDPI_IMAGES = YES;
				DEVELOPMENT_TEAM = T59AZ797LW;
				INFOPLIST_FILE = ActivityTrackerTests/Info.plist;
				LD_RUNPATH_SEARCH_PATHS = (
					"$(inherited)",
					"@executable_path/../Frameworks",
					"@loader_path/../Frameworks",
				);
				PRODUCT_BUNDLE_IDENTIFIER = xyz.preludeandfugue.ActivityTrackerTests;
				PRODUCT_NAME = "$(TARGET_NAME)";
				SWIFT_OPTIMIZATION_LEVEL = "-Onone";
				SWIFT_VERSION = 5.0;
				TEST_HOST = "$(BUILT_PRODUCTS_DIR)/ActivityTracker.app/Contents/MacOS/ActivityTracker";
			};
			name = Debug;
		};
		4EA1D6152688F55C004F7B83 /* Release */ = {
			isa = XCBuildConfiguration;
			buildSettings = {
				BUNDLE_LOADER = "$(TEST_HOST)";
				CLANG_ENABLE_MODULES = YES;
				CODE_SIGN_STYLE = Automatic;
				COMBINE_HIDPI_IMAGES = YES;
				DEVELOPMENT_TEAM = T59AZ797LW;
				INFOPLIST_FILE = ActivityTrackerTests/Info.plist;
				LD_RUNPATH_SEARCH_PATHS = (
					"$(inherited)",
					"@executable_path/../Frameworks",
					"@loader_path/../Frameworks",
				);
				PRODUCT_BUNDLE_IDENTIFIER = xyz.preludeandfugue.ActivityTrackerTests;
				PRODUCT_NAME = "$(TARGET_NAME)";
				SWIFT_VERSION = 5.0;
				TEST_HOST = "$(BUILT_PRODUCTS_DIR)/ActivityTracker.app/Contents/MacOS/ActivityTracker";
			};
			name = Release;
		};
/* End XCBuildConfiguration section */

/* Begin XCConfigurationList section */
		4E6ED22D2682A43400C1180D /* Build configuration list for PBXProject "ActivityTracker" */ = {
			isa = XCConfigurationList;
			buildConfigurations = (
				4E6ED2402682A43400C1180D /* Debug */,
				4E6ED2412682A43400C1180D /* Release */,
			);
			defaultConfigurationIsVisible = 0;
			defaultConfigurationName = Release;
		};
		4E6ED2422682A43400C1180D /* Build configuration list for PBXNativeTarget "ActivityTracker" */ = {
			isa = XCConfigurationList;
			buildConfigurations = (
				4E6ED2432682A43400C1180D /* Debug */,
				4E6ED2442682A43400C1180D /* Release */,
			);
			defaultConfigurationIsVisible = 0;
			defaultConfigurationName = Release;
		};
		4EA1D6132688F55C004F7B83 /* Build configuration list for PBXNativeTarget "ActivityTrackerTests" */ = {
			isa = XCConfigurationList;
			buildConfigurations = (
				4EA1D6142688F55C004F7B83 /* Debug */,
				4EA1D6152688F55C004F7B83 /* Release */,
			);
			defaultConfigurationIsVisible = 0;
			defaultConfigurationName = Release;
		};
/* End XCConfigurationList section */

/* Begin XCRemoteSwiftPackageReference section */
		4E9CE5B52688D527002F6446 /* XCRemoteSwiftPackageReference "CoreGPX" */ = {
			isa = XCRemoteSwiftPackageReference;
			repositoryURL = "https://github.com/vincentneo/CoreGPX";
			requirement = {
				kind = upToNextMajorVersion;
				minimumVersion = 0.9.0;
			};
		};
		4E9CE5B82688D546002F6446 /* XCRemoteSwiftPackageReference "FitFileParser" */ = {
			isa = XCRemoteSwiftPackageReference;
			repositoryURL = "https://github.com/roznet/FitFileParser";
			requirement = {
				kind = upToNextMajorVersion;
				minimumVersion = 1.4.3;
			};
		};
/* End XCRemoteSwiftPackageReference section */

/* Begin XCSwiftPackageProductDependency section */
		4E9CE5B62688D527002F6446 /* CoreGPX */ = {
			isa = XCSwiftPackageProductDependency;
			package = 4E9CE5B52688D527002F6446 /* XCRemoteSwiftPackageReference "CoreGPX" */;
			productName = CoreGPX;
		};
		4E9CE5B92688D546002F6446 /* FitFileParser */ = {
			isa = XCSwiftPackageProductDependency;
			package = 4E9CE5B82688D546002F6446 /* XCRemoteSwiftPackageReference "FitFileParser" */;
			productName = FitFileParser;
		};
/* End XCSwiftPackageProductDependency section */
	};
	rootObject = 4E6ED22A2682A43400C1180D /* Project object */;
}
